
Microsoft Visual Studio Solution File, Format Version 12.00
# Visual Studio Version 17
VisualStudioVersion = 17.10.35122.118
MinimumVisualStudioVersion = 10.0.40219.1
Project("{9A19103F-16F7-4668-BE54-9A1E7A4F7556}") = "RocketFinApi", "RocketFinApi.csproj", "{5F6CDB21-4FB1-48DE-A988-B81A2A70C091}"
EndProject
Project("{9A19103F-16F7-4668-BE54-9A1E7A4F7556}") = "RocketFinApp", "..\RocketFinApp\RocketFinApp.csproj", "{1806FCD9-A749-475A-83B4-3389C3EBB030}"
EndProject
Project("{9A19103F-16F7-4668-BE54-9A1E7A4F7556}") = "RocketFinInfrastructure", "..\RocketFinInfrastructure\RocketFinInfrastructure.csproj", "{ECDFA3B3-C7BC-4690-90A3-6F061035A753}"
EndProject
Project("{9A19103F-16F7-4668-BE54-9A1E7A4F7556}") = "RocketFinDomain", "..\RocketFinDomain\RocketFinDomain.csproj", "{A359D0D6-A594-4CDB-8C1A-317A19341A3E}"
EndProject
Project("{FAE04EC0-301F-11D3-BF4B-00C04F79EFBC}") = "UnitTests", "..\UnitTests\UnitTests.csproj", "{DA07BA18-B00F-4DA1-9478-0AFE6EEB5D75}"
EndProject
Global
	GlobalSection(SolutionConfigurationPlatforms) = preSolution
		Debug|Any CPU = Debug|Any CPU
		Release|Any CPU = Release|Any CPU
	EndGlobalSection
	GlobalSection(ProjectConfigurationPlatforms) = postSolution
		{5F6CDB21-4FB1-48DE-A988-B81A2A70C091}.Debug|Any CPU.ActiveCfg = Debug|Any CPU
		{5F6CDB21-4FB1-48DE-A988-B81A2A70C091}.Debug|Any CPU.Build.0 = Debug|Any CPU
		{5F6CDB21-4FB1-48DE-A988-B81A2A70C091}.Release|Any CPU.ActiveCfg = Release|Any CPU
		{5F6CDB21-4FB1-48DE-A988-B81A2A70C091}.Release|Any CPU.Build.0 = Release|Any CPU
		{1806FCD9-A749-475A-83B4-3389C3EBB030}.Debug|Any CPU.ActiveCfg = Debug|Any CPU
		{1806FCD9-A749-475A-83B4-3389C3EBB030}.Debug|Any CPU.Build.0 = Debug|Any CPU
		{1806FCD9-A749-475A-83B4-3389C3EBB030}.Release|Any CPU.ActiveCfg = Release|Any CPU
		{1806FCD9-A749-475A-83B4-3389C3EBB030}.Release|Any CPU.Build.0 = Release|Any CPU
		{ECDFA3B3-C7BC-4690-90A3-6F061035A753}.Debug|Any CPU.ActiveCfg = Debug|Any CPU
		{ECDFA3B3-C7BC-4690-90A3-6F061035A753}.Debug|Any CPU.Build.0 = Debug|Any CPU
		{ECDFA3B3-C7BC-4690-90A3-6F061035A753}.Release|Any CPU.ActiveCfg = Release|Any CPU
		{ECDFA3B3-C7BC-4690-90A3-6F061035A753}.Release|Any CPU.Build.0 = Release|Any CPU
		{A359D0D6-A594-4CDB-8C1A-317A19341A3E}.Debug|Any CPU.ActiveCfg = Debug|Any CPU
		{A359D0D6-A594-4CDB-8C1A-317A19341A3E}.Debug|Any CPU.Build.0 = Debug|Any CPU
		{A359D0D6-A594-4CDB-8C1A-317A19341A3E}.Release|Any CPU.ActiveCfg = Release|Any CPU
		{A359D0D6-A594-4CDB-8C1A-317A19341A3E}.Release|Any CPU.Build.0 = Release|Any CPU
		{DA07BA18-B00F-4DA1-9478-0AFE6EEB5D75}.Debug|Any CPU.ActiveCfg = Debug|Any CPU
		{DA07BA18-B00F-4DA1-9478-0AFE6EEB5D75}.Debug|Any CPU.Build.0 = Debug|Any CPU
		{DA07BA18-B00F-4DA1-9478-0AFE6EEB5D75}.Release|Any CPU.ActiveCfg = Release|Any CPU
		{DA07BA18-B00F-4DA1-9478-0AFE6EEB5D75}.Release|Any CPU.Build.0 = Release|Any CPU
	EndGlobalSection
	GlobalSection(SolutionProperties) = preSolution
		HideSolutionNode = FALSE
	EndGlobalSection
	GlobalSection(ExtensibilityGlobals) = postSolution
		SolutionGuid = {560664B7-BAF6-4C7D-9A33-F8BB1604AA5E}
	EndGlobalSection
EndGlobal
